
Microsoft Visual Studio Solution File, Format Version 12.00
# Visual Studio Version 17
VisualStudioVersion = 17.13.35825.156 d17.13
MinimumVisualStudioVersion = 10.0.40219.1
Project("{FAE04EC0-301F-11D3-BF4B-00C04F79EFBC}") = "BasicProject1", "BasicProject1.csproj", "{8EB384FD-5887-4B00-845F-B8C13D072CF6}"
EndProject
Global
	GlobalSection(SolutionConfigurationPlatforms) = preSolution
		Debug|Any CPU = Debug|Any CPU
		Release|Any CPU = Release|Any CPU
	EndGlobalSection
	GlobalSection(ProjectConfigurationPlatforms) = postSolution
		{8EB384FD-5887-4B00-845F-B8C13D072CF6}.Debug|Any CPU.ActiveCfg = Debug|Any CPU
		{8EB384FD-5887-4B00-845F-B8C13D072CF6}.Debug|Any CPU.Build.0 = Debug|Any CPU
		{8EB384FD-5887-4B00-845F-B8C13D072CF6}.Release|Any CPU.ActiveCfg = Release|Any CPU
		{8EB384FD-5887-4B00-845F-B8C13D072CF6}.Release|Any CPU.Build.0 = Release|Any CPU
	EndGlobalSection
	GlobalSection(SolutionProperties) = preSolution
		HideSolutionNode = FALSE
	EndGlobalSection
	GlobalSection(ExtensibilityGlobals) = postSolution
		SolutionGuid = {582110D5-5E85-43C1-9D3B-698F8D55CEB8}
	EndGlobalSection
EndGlobal
